{
  "name": "news-summary-challenge",
  "version": "1.0.0",
  "lockfileVersion": 1,
  "requires": true,
  "dependencies": {
    "colors": {
      "version": "1.3.2",
      "resolved": "https://registry.npmjs.org/colors/-/colors-1.3.2.tgz",
      "integrity": "sha512-rhP0JSBGYvpcNQj4s5AdShMeE5ahMop96cTeDl/v9qQQm2fYClE2QXZRi8wLzc+GmXSxdIqqbOIAhyObEXDbfQ==",
      "dev": true
    },
    "deep-equal": {
      "version": "1.0.1",
      "resolved": "https://registry.npmjs.org/deep-equal/-/deep-equal-1.0.1.tgz",
      "integrity": "sha1-9dJgKStmDghO/0zbyfCK0yR0SLU=",
      "dev": true
    },
    "gunpowder": {
      "version": "0.0.4",
      "resolved": "https://registry.npmjs.org/gunpowder/-/gunpowder-0.0.4.tgz",
      "integrity": "sha512-Ahru7NGEDYsErSGahurcytmXVG7HTN+KjAfuABepB1tcYSJuRswY89JIS4bT89q+MdaZr05Dzc/6ZvBMrombJQ==",
      "dev": true,
      "requires": {
        "colors": "^1.3.2",
        "deep-equal": "^1.0.1"
      }
    }
  }
}
