{
  "requires": true,
  "lockfileVersion": 1,
  "dependencies": {
    "jasmine-ajax": {
      "version": "4.0.0",
      "resolved": "https://registry.npmjs.org/jasmine-ajax/-/jasmine-ajax-4.0.0.tgz",
      "integrity": "sha512-htTxNw38BSHxxmd8RRMejocdPqLalGHU6n3HWFbzp/S8AuTQd1MYjkSH3dYDsbZ7EV1Xqx/b94m3tKaVSVBV2A=="
    }
  }
}
