{
  "requires": true,
  "lockfileVersion": 1,
  "dependencies": {
    "aylien_textapi": {
      "version": "0.7.0",
      "resolved": "https://registry.npmjs.org/aylien_textapi/-/aylien_textapi-0.7.0.tgz",
      "integrity": "sha1-AcniaSB9zQ2gqvqjPgYmIOzkxeM="
    },
    "jquery": {
      "version": "3.4.1",
      "resolved": "https://registry.npmjs.org/jquery/-/jquery-3.4.1.tgz",
      "integrity": "sha512-36+AdBzCL+y6qjw5Tx7HgzeGCzC81MDDgaUP8ld2zhx58HdqXGoBd+tHdrBMiyjGQs0Hxs/MLZTu/eHNJJuWPw=="
    }
  }
}
